
Microsoft Visual Studio Solution File, Format Version 12.00
# Visual Studio Version 17
VisualStudioVersion = 17.5.002.0
MinimumVisualStudioVersion = 10.0.40219.1
Project("{9A19103F-16F7-4668-BE54-9A1E7A4F7556}") = "Test", "Test.csproj", "{6AC3192B-9146-44DC-9FF0-4FCBFCA2DFA6}"
EndProject
Global
	GlobalSection(SolutionConfigurationPlatforms) = preSolution
		Debug|Any CPU = Debug|Any CPU
		Release|Any CPU = Release|Any CPU
	EndGlobalSection
	GlobalSection(ProjectConfigurationPlatforms) = postSolution
		{6AC3192B-9146-44DC-9FF0-4FCBFCA2DFA6}.Debug|Any CPU.ActiveCfg = Debug|Any CPU
		{6AC3192B-9146-44DC-9FF0-4FCBFCA2DFA6}.Debug|Any CPU.Build.0 = Debug|Any CPU
		{6AC3192B-9146-44DC-9FF0-4FCBFCA2DFA6}.Release|Any CPU.ActiveCfg = Release|Any CPU
		{6AC3192B-9146-44DC-9FF0-4FCBFCA2DFA6}.Release|Any CPU.Build.0 = Release|Any CPU
	EndGlobalSection
	GlobalSection(SolutionProperties) = preSolution
		HideSolutionNode = FALSE
	EndGlobalSection
	GlobalSection(ExtensibilityGlobals) = postSolution
		SolutionGuid = {F125CABA-7FD7-4092-B4C2-4CDA660E3ACD}
	EndGlobalSection
EndGlobal
